// !$*UTF8*$!
{
	archiveVersion = 1;
	classes = {
	};
	objectVersion = 50;
	objects = {

/* Begin PBXBuildFile section */
		92EED722E758270DF474FA24 /* libPods-WeatherApp.a in Frameworks */ = {isa = PBXBuildFile; fileRef = DB7F9E49376E633C1D1D0170 /* libPods-WeatherApp.a */; };
		99000936241FD7B800CC2327 /* WeatherForecastViewModel.swift in Sources */ = {isa = PBXBuildFile; fileRef = 99000935241FD7B800CC2327 /* WeatherForecastViewModel.swift */; };
		9907CBA424179A3200F69E96 /* AssetHelper.swift in Sources */ = {isa = PBXBuildFile; fileRef = 9907CBA324179A3200F69E96 /* AssetHelper.swift */; };
		993E554F2422342C002137EE /* DetailsViewControllerCollectionView.swift in Sources */ = {isa = PBXBuildFile; fileRef = 993E554E2422342C002137EE /* DetailsViewControllerCollectionView.swift */; };
		993E5551242268DB002137EE /* Details.swift in Sources */ = {isa = PBXBuildFile; fileRef = 993E5550242268DA002137EE /* Details.swift */; };
		994020632422236300B873D8 /* ForecastListControllerCollectionView.swift in Sources */ = {isa = PBXBuildFile; fileRef = 994020622422236300B873D8 /* ForecastListControllerCollectionView.swift */; };
		99527FCE240FA6F40054442B /* DetailsCell.swift in Sources */ = {isa = PBXBuildFile; fileRef = 99527FCD240FA6F40054442B /* DetailsCell.swift */; };
		9996E8DF241F9B3A003B9CD8 /* ForecastCellViewModel.swift in Sources */ = {isa = PBXBuildFile; fileRef = 9996E8DE241F9B3A003B9CD8 /* ForecastCellViewModel.swift */; };
		99985F6D240D9B25008137E7 /* AppDelegate.swift in Sources */ = {isa = PBXBuildFile; fileRef = 99985F6C240D9B25008137E7 /* AppDelegate.swift */; };
		99985F6F240D9B25008137E7 /* SceneDelegate.swift in Sources */ = {isa = PBXBuildFile; fileRef = 99985F6E240D9B25008137E7 /* SceneDelegate.swift */; };
		99985F76240D9B2B008137E7 /* Assets.xcassets in Resources */ = {isa = PBXBuildFile; fileRef = 99985F75240D9B2B008137E7 /* Assets.xcassets */; };
		99985F79240D9B2B008137E7 /* LaunchScreen.storyboard in Resources */ = {isa = PBXBuildFile; fileRef = 99985F77240D9B2B008137E7 /* LaunchScreen.storyboard */; };
		99985F82240D9D2B008137E7 /* Coordinator.swift in Sources */ = {isa = PBXBuildFile; fileRef = 99985F81240D9D2B008137E7 /* Coordinator.swift */; };
		99985F84240D9E96008137E7 /* ForecastsCoordinator.swift in Sources */ = {isa = PBXBuildFile; fileRef = 99985F83240D9E96008137E7 /* ForecastsCoordinator.swift */; };
		99985F87240DA007008137E7 /* ForecastListController.swift in Sources */ = {isa = PBXBuildFile; fileRef = 99985F86240DA007008137E7 /* ForecastListController.swift */; };
		99985F89240DA0CB008137E7 /* ForecastListControllerDelegate.swift in Sources */ = {isa = PBXBuildFile; fileRef = 99985F88240DA0CB008137E7 /* ForecastListControllerDelegate.swift */; };
		99985F8C240DA656008137E7 /* WeatherForecastController.swift in Sources */ = {isa = PBXBuildFile; fileRef = 99985F8B240DA656008137E7 /* WeatherForecastController.swift */; };
		99985F8E240DA677008137E7 /* WeatherForecastControllerDelegate.swift in Sources */ = {isa = PBXBuildFile; fileRef = 99985F8D240DA677008137E7 /* WeatherForecastControllerDelegate.swift */; };
		99985F90240DA6D4008137E7 /* WeatherCoordinator.swift in Sources */ = {isa = PBXBuildFile; fileRef = 99985F8F240DA6D4008137E7 /* WeatherCoordinator.swift */; };
		99985F92240E5969008137E7 /* ForecastCell.swift in Sources */ = {isa = PBXBuildFile; fileRef = 99985F91240E5969008137E7 /* ForecastCell.swift */; };
		99985F95240E5D4A008137E7 /* CALayer.swift in Sources */ = {isa = PBXBuildFile; fileRef = 99985F94240E5D4A008137E7 /* CALayer.swift */; };
		99985F97240E5EDD008137E7 /* UIColor.swift in Sources */ = {isa = PBXBuildFile; fileRef = 99985F96240E5EDD008137E7 /* UIColor.swift */; };
		99985F9A240E8122008137E7 /* Forecast.swift in Sources */ = {isa = PBXBuildFile; fileRef = 99985F99240E8122008137E7 /* Forecast.swift */; };
		99985F9F240EB3CF008137E7 /* DetailsViewController.swift in Sources */ = {isa = PBXBuildFile; fileRef = 99985F9E240EB3CF008137E7 /* DetailsViewController.swift */; };
		999C918A241FB8900045D470 /* ForecastListViewModel.swift in Sources */ = {isa = PBXBuildFile; fileRef = 999C9189241FB8900045D470 /* ForecastListViewModel.swift */; };
		99BF3F7D24191C0800668A00 /* ForecastListControllerAnimated.swift in Sources */ = {isa = PBXBuildFile; fileRef = 99BF3F7C24191C0800668A00 /* ForecastListControllerAnimated.swift */; };
		99BF3F8024191C3300668A00 /* AnimatedTransition.swift in Sources */ = {isa = PBXBuildFile; fileRef = 99BF3F7F24191C3300668A00 /* AnimatedTransition.swift */; };
		99D7F411240FF541008C5A04 /* NetworkResponse.swift in Sources */ = {isa = PBXBuildFile; fileRef = 99D7F410240FF541008C5A04 /* NetworkResponse.swift */; };
		99DCF5872420D04800945DBC /* DetailsListViewModel.swift in Sources */ = {isa = PBXBuildFile; fileRef = 99DCF5862420D04800945DBC /* DetailsListViewModel.swift */; };
		99DCF5892420D14A00945DBC /* DetailsCellViewModel.swift in Sources */ = {isa = PBXBuildFile; fileRef = 99DCF5882420D14A00945DBC /* DetailsCellViewModel.swift */; };
		99DF079724164D7A00DD97F9 /* WeatherApp.xcdatamodeld in Sources */ = {isa = PBXBuildFile; fileRef = 99DF079524164D7A00DD97F9 /* WeatherApp.xcdatamodeld */; };
		99DF0799241658BE00DD97F9 /* ForecastCD.swift in Sources */ = {isa = PBXBuildFile; fileRef = 99DF0798241658BE00DD97F9 /* ForecastCD.swift */; };
		99E9915F24123C4C00787E53 /* UIView.swift in Sources */ = {isa = PBXBuildFile; fileRef = 99E9915E24123C4C00787E53 /* UIView.swift */; };
		99EF51B52410F2C100C81A6C /* Datasource.swift in Sources */ = {isa = PBXBuildFile; fileRef = 99EF51B42410F2C100C81A6C /* Datasource.swift */; };
		99EF51B92410F3A700C81A6C /* NetworkDatasource.swift in Sources */ = {isa = PBXBuildFile; fileRef = 99EF51B82410F3A700C81A6C /* NetworkDatasource.swift */; };
		99EF51BB2410F7A200C81A6C /* DatasourceManager.swift in Sources */ = {isa = PBXBuildFile; fileRef = 99EF51BA2410F7A200C81A6C /* DatasourceManager.swift */; };
		99EF51BD2410FD2C00C81A6C /* CoreDataDatasource.swift in Sources */ = {isa = PBXBuildFile; fileRef = 99EF51BC2410FD2C00C81A6C /* CoreDataDatasource.swift */; };
		99EF51BF24110A9200C81A6C /* NetworkRouter.swift in Sources */ = {isa = PBXBuildFile; fileRef = 99EF51BE24110A9200C81A6C /* NetworkRouter.swift */; };
		99EF51C12411229000C81A6C /* EndPoint.swift in Sources */ = {isa = PBXBuildFile; fileRef = 99EF51C02411229000C81A6C /* EndPoint.swift */; };
		99EF51C32411261600C81A6C /* NetworkConstants.swift in Sources */ = {isa = PBXBuildFile; fileRef = 99EF51C22411261600C81A6C /* NetworkConstants.swift */; };
		99EF51C524112AB400C81A6C /* String.swift in Sources */ = {isa = PBXBuildFile; fileRef = 99EF51C424112AB400C81A6C /* String.swift */; };
		99EF51C724112CB600C81A6C /* URLParameterEncoder.swift in Sources */ = {isa = PBXBuildFile; fileRef = 99EF51C624112CB600C81A6C /* URLParameterEncoder.swift */; };
/* End PBXBuildFile section */

/* Begin PBXFileReference section */
		99000935241FD7B800CC2327 /* WeatherForecastViewModel.swift */ = {isa = PBXFileReference; lastKnownFileType = sourcecode.swift; path = WeatherForecastViewModel.swift; sourceTree = "<group>"; };
		9907CBA324179A3200F69E96 /* AssetHelper.swift */ = {isa = PBXFileReference; lastKnownFileType = sourcecode.swift; path = AssetHelper.swift; sourceTree = "<group>"; };
		9939F8FA0F077D05574911FE /* Pods-WeatherApp.debug.xcconfig */ = {isa = PBXFileReference; includeInIndex = 1; lastKnownFileType = text.xcconfig; name = "Pods-WeatherApp.debug.xcconfig"; path = "Target Support Files/Pods-WeatherApp/Pods-WeatherApp.debug.xcconfig"; sourceTree = "<group>"; };
		993E554E2422342C002137EE /* DetailsViewControllerCollectionView.swift */ = {isa = PBXFileReference; lastKnownFileType = sourcecode.swift; path = DetailsViewControllerCollectionView.swift; sourceTree = "<group>"; };
		993E5550242268DA002137EE /* Details.swift */ = {isa = PBXFileReference; lastKnownFileType = sourcecode.swift; path = Details.swift; sourceTree = "<group>"; };
		994020622422236300B873D8 /* ForecastListControllerCollectionView.swift */ = {isa = PBXFileReference; lastKnownFileType = sourcecode.swift; path = ForecastListControllerCollectionView.swift; sourceTree = "<group>"; };
		99527FCD240FA6F40054442B /* DetailsCell.swift */ = {isa = PBXFileReference; lastKnownFileType = sourcecode.swift; path = DetailsCell.swift; sourceTree = "<group>"; };
		9996E8DE241F9B3A003B9CD8 /* ForecastCellViewModel.swift */ = {isa = PBXFileReference; lastKnownFileType = sourcecode.swift; path = ForecastCellViewModel.swift; sourceTree = "<group>"; };
		99985F69240D9B25008137E7 /* WeatherApp.app */ = {isa = PBXFileReference; explicitFileType = wrapper.application; includeInIndex = 0; path = WeatherApp.app; sourceTree = BUILT_PRODUCTS_DIR; };
		99985F6C240D9B25008137E7 /* AppDelegate.swift */ = {isa = PBXFileReference; lastKnownFileType = sourcecode.swift; path = AppDelegate.swift; sourceTree = "<group>"; };
		99985F6E240D9B25008137E7 /* SceneDelegate.swift */ = {isa = PBXFileReference; lastKnownFileType = sourcecode.swift; path = SceneDelegate.swift; sourceTree = "<group>"; };
		99985F75240D9B2B008137E7 /* Assets.xcassets */ = {isa = PBXFileReference; lastKnownFileType = folder.assetcatalog; path = Assets.xcassets; sourceTree = "<group>"; };
		99985F78240D9B2B008137E7 /* Base */ = {isa = PBXFileReference; lastKnownFileType = file.storyboard; name = Base; path = Base.lproj/LaunchScreen.storyboard; sourceTree = "<group>"; };
		99985F7A240D9B2B008137E7 /* Info.plist */ = {isa = PBXFileReference; lastKnownFileType = text.plist.xml; path = Info.plist; sourceTree = "<group>"; };
		99985F81240D9D2B008137E7 /* Coordinator.swift */ = {isa = PBXFileReference; lastKnownFileType = sourcecode.swift; path = Coordinator.swift; sourceTree = "<group>"; };
		99985F83240D9E96008137E7 /* ForecastsCoordinator.swift */ = {isa = PBXFileReference; lastKnownFileType = sourcecode.swift; path = ForecastsCoordinator.swift; sourceTree = "<group>"; };
		99985F86240DA007008137E7 /* ForecastListController.swift */ = {isa = PBXFileReference; lastKnownFileType = sourcecode.swift; path = ForecastListController.swift; sourceTree = "<group>"; };
		99985F88240DA0CB008137E7 /* ForecastListControllerDelegate.swift */ = {isa = PBXFileReference; lastKnownFileType = sourcecode.swift; path = ForecastListControllerDelegate.swift; sourceTree = "<group>"; };
		99985F8B240DA656008137E7 /* WeatherForecastController.swift */ = {isa = PBXFileReference; lastKnownFileType = sourcecode.swift; path = WeatherForecastController.swift; sourceTree = "<group>"; };
		99985F8D240DA677008137E7 /* WeatherForecastControllerDelegate.swift */ = {isa = PBXFileReference; lastKnownFileType = sourcecode.swift; path = WeatherForecastControllerDelegate.swift; sourceTree = "<group>"; };
		99985F8F240DA6D4008137E7 /* WeatherCoordinator.swift */ = {isa = PBXFileReference; lastKnownFileType = sourcecode.swift; path = WeatherCoordinator.swift; sourceTree = "<group>"; };
		99985F91240E5969008137E7 /* ForecastCell.swift */ = {isa = PBXFileReference; lastKnownFileType = sourcecode.swift; path = ForecastCell.swift; sourceTree = "<group>"; };
		99985F94240E5D4A008137E7 /* CALayer.swift */ = {isa = PBXFileReference; lastKnownFileType = sourcecode.swift; path = CALayer.swift; sourceTree = "<group>"; };
		99985F96240E5EDD008137E7 /* UIColor.swift */ = {isa = PBXFileReference; lastKnownFileType = sourcecode.swift; path = UIColor.swift; sourceTree = "<group>"; };
		99985F99240E8122008137E7 /* Forecast.swift */ = {isa = PBXFileReference; lastKnownFileType = sourcecode.swift; path = Forecast.swift; sourceTree = "<group>"; };
		99985F9E240EB3CF008137E7 /* DetailsViewController.swift */ = {isa = PBXFileReference; lastKnownFileType = sourcecode.swift; path = DetailsViewController.swift; sourceTree = "<group>"; };
		999C9189241FB8900045D470 /* ForecastListViewModel.swift */ = {isa = PBXFileReference; lastKnownFileType = sourcecode.swift; path = ForecastListViewModel.swift; sourceTree = "<group>"; };
		99BF3F7C24191C0800668A00 /* ForecastListControllerAnimated.swift */ = {isa = PBXFileReference; lastKnownFileType = sourcecode.swift; path = ForecastListControllerAnimated.swift; sourceTree = "<group>"; };
		99BF3F7F24191C3300668A00 /* AnimatedTransition.swift */ = {isa = PBXFileReference; lastKnownFileType = sourcecode.swift; path = AnimatedTransition.swift; sourceTree = "<group>"; };
		99D7F410240FF541008C5A04 /* NetworkResponse.swift */ = {isa = PBXFileReference; lastKnownFileType = sourcecode.swift; path = NetworkResponse.swift; sourceTree = "<group>"; };
		99DCF5862420D04800945DBC /* DetailsListViewModel.swift */ = {isa = PBXFileReference; lastKnownFileType = sourcecode.swift; path = DetailsListViewModel.swift; sourceTree = "<group>"; };
		99DCF5882420D14A00945DBC /* DetailsCellViewModel.swift */ = {isa = PBXFileReference; lastKnownFileType = sourcecode.swift; path = DetailsCellViewModel.swift; sourceTree = "<group>"; };
		99DF079624164D7A00DD97F9 /* WeatherApp.xcdatamodel */ = {isa = PBXFileReference; lastKnownFileType = wrapper.xcdatamodel; path = WeatherApp.xcdatamodel; sourceTree = "<group>"; };
		99DF0798241658BE00DD97F9 /* ForecastCD.swift */ = {isa = PBXFileReference; lastKnownFileType = sourcecode.swift; path = ForecastCD.swift; sourceTree = "<group>"; };
		99E9915E24123C4C00787E53 /* UIView.swift */ = {isa = PBXFileReference; lastKnownFileType = sourcecode.swift; path = UIView.swift; sourceTree = "<group>"; };
		99EF51B42410F2C100C81A6C /* Datasource.swift */ = {isa = PBXFileReference; lastKnownFileType = sourcecode.swift; path = Datasource.swift; sourceTree = "<group>"; };
		99EF51B82410F3A700C81A6C /* NetworkDatasource.swift */ = {isa = PBXFileReference; lastKnownFileType = sourcecode.swift; path = NetworkDatasource.swift; sourceTree = "<group>"; };
		99EF51BA2410F7A200C81A6C /* DatasourceManager.swift */ = {isa = PBXFileReference; lastKnownFileType = sourcecode.swift; path = DatasourceManager.swift; sourceTree = "<group>"; };
		99EF51BC2410FD2C00C81A6C /* CoreDataDatasource.swift */ = {isa = PBXFileReference; lastKnownFileType = sourcecode.swift; path = CoreDataDatasource.swift; sourceTree = "<group>"; };
		99EF51BE24110A9200C81A6C /* NetworkRouter.swift */ = {isa = PBXFileReference; lastKnownFileType = sourcecode.swift; path = NetworkRouter.swift; sourceTree = "<group>"; };
		99EF51C02411229000C81A6C /* EndPoint.swift */ = {isa = PBXFileReference; lastKnownFileType = sourcecode.swift; path = EndPoint.swift; sourceTree = "<group>"; };
		99EF51C22411261600C81A6C /* NetworkConstants.swift */ = {isa = PBXFileReference; lastKnownFileType = sourcecode.swift; path = NetworkConstants.swift; sourceTree = "<group>"; };
		99EF51C424112AB400C81A6C /* String.swift */ = {isa = PBXFileReference; lastKnownFileType = sourcecode.swift; path = String.swift; sourceTree = "<group>"; };
		99EF51C624112CB600C81A6C /* URLParameterEncoder.swift */ = {isa = PBXFileReference; lastKnownFileType = sourcecode.swift; path = URLParameterEncoder.swift; sourceTree = "<group>"; };
		DB7F9E49376E633C1D1D0170 /* libPods-WeatherApp.a */ = {isa = PBXFileReference; explicitFileType = archive.ar; includeInIndex = 0; path = "libPods-WeatherApp.a"; sourceTree = BUILT_PRODUCTS_DIR; };
		E4F174D14F19FE477A01872B /* Pods-WeatherApp.release.xcconfig */ = {isa = PBXFileReference; includeInIndex = 1; lastKnownFileType = text.xcconfig; name = "Pods-WeatherApp.release.xcconfig"; path = "Target Support Files/Pods-WeatherApp/Pods-WeatherApp.release.xcconfig"; sourceTree = "<group>"; };
/* End PBXFileReference section */

/* Begin PBXFrameworksBuildPhase section */
		99985F66240D9B25008137E7 /* Frameworks */ = {
			isa = PBXFrameworksBuildPhase;
			buildActionMask = 2147483647;
			files = (
				92EED722E758270DF474FA24 /* libPods-WeatherApp.a in Frameworks */,
			);
			runOnlyForDeploymentPostprocessing = 0;
		};
/* End PBXFrameworksBuildPhase section */

/* Begin PBXGroup section */
		8823B01EC82B928A84A16E25 /* Frameworks */ = {
			isa = PBXGroup;
			children = (
				DB7F9E49376E633C1D1D0170 /* libPods-WeatherApp.a */,
			);
			name = Frameworks;
			sourceTree = "<group>";
		};
		9801C354DD17768DE2288803 /* Pods */ = {
			isa = PBXGroup;
			children = (
				9939F8FA0F077D05574911FE /* Pods-WeatherApp.debug.xcconfig */,
				E4F174D14F19FE477A01872B /* Pods-WeatherApp.release.xcconfig */,
			);
			path = Pods;
			sourceTree = "<group>";
		};
		99000937241FDF5B00CC2327 /* ViewModel */ = {
			isa = PBXGroup;
			children = (
				99000935241FD7B800CC2327 /* WeatherForecastViewModel.swift */,
			);
			path = ViewModel;
			sourceTree = "<group>";
		};
		99527FCF240FA71A0054442B /* Details */ = {
			isa = PBXGroup;
			children = (
				99DCF5852420D02D00945DBC /* ViewModel */,
				99985F9E240EB3CF008137E7 /* DetailsViewController.swift */,
				993E554E2422342C002137EE /* DetailsViewControllerCollectionView.swift */,
				99527FCD240FA6F40054442B /* DetailsCell.swift */,
			);
			path = Details;
			sourceTree = "<group>";
		};
		99985F60240D9B25008137E7 = {
			isa = PBXGroup;
			children = (
				99985F6B240D9B25008137E7 /* WeatherApp */,
				99985F6A240D9B25008137E7 /* Products */,
				9801C354DD17768DE2288803 /* Pods */,
				8823B01EC82B928A84A16E25 /* Frameworks */,
			);
			sourceTree = "<group>";
		};
		99985F6A240D9B25008137E7 /* Products */ = {
			isa = PBXGroup;
			children = (
				99985F69240D9B25008137E7 /* WeatherApp.app */,
			);
			name = Products;
			sourceTree = "<group>";
		};
		99985F6B240D9B25008137E7 /* WeatherApp */ = {
			isa = PBXGroup;
			children = (
				99BF3F8124191C4500668A00 /* UserInterface */,
				99BF3F7E24191C1900668A00 /* AnimatedTransition */,
				99EF51B32410F2B200C81A6C /* Datasource */,
				99985F98240E8113008137E7 /* Models */,
				99985F93240E5D37008137E7 /* Extensions */,
				99985F80240D9D0A008137E7 /* Coordinators */,
				99985F6C240D9B25008137E7 /* AppDelegate.swift */,
				99985F6E240D9B25008137E7 /* SceneDelegate.swift */,
				99985F75240D9B2B008137E7 /* Assets.xcassets */,
				99985F77240D9B2B008137E7 /* LaunchScreen.storyboard */,
				99985F7A240D9B2B008137E7 /* Info.plist */,
			);
			path = WeatherApp;
			sourceTree = "<group>";
		};
		99985F80240D9D0A008137E7 /* Coordinators */ = {
			isa = PBXGroup;
			children = (
				99985F81240D9D2B008137E7 /* Coordinator.swift */,
				99985F83240D9E96008137E7 /* ForecastsCoordinator.swift */,
				99985F8F240DA6D4008137E7 /* WeatherCoordinator.swift */,
			);
			path = Coordinators;
			sourceTree = "<group>";
		};
		99985F85240D9FF4008137E7 /* Forecasts */ = {
			isa = PBXGroup;
			children = (
				999C918B241FB8940045D470 /* ViewModel */,
				99985F86240DA007008137E7 /* ForecastListController.swift */,
				994020622422236300B873D8 /* ForecastListControllerCollectionView.swift */,
				99BF3F7C24191C0800668A00 /* ForecastListControllerAnimated.swift */,
				99985F88240DA0CB008137E7 /* ForecastListControllerDelegate.swift */,
				99985F91240E5969008137E7 /* ForecastCell.swift */,
			);
			path = Forecasts;
			sourceTree = "<group>";
		};
		99985F8A240DA19D008137E7 /* Weather */ = {
			isa = PBXGroup;
			children = (
				99000937241FDF5B00CC2327 /* ViewModel */,
				99985F8B240DA656008137E7 /* WeatherForecastController.swift */,
				99985F8D240DA677008137E7 /* WeatherForecastControllerDelegate.swift */,
			);
			path = Weather;
			sourceTree = "<group>";
		};
		99985F93240E5D37008137E7 /* Extensions */ = {
			isa = PBXGroup;
			children = (
				99985F94240E5D4A008137E7 /* CALayer.swift */,
				99985F96240E5EDD008137E7 /* UIColor.swift */,
				99EF51C424112AB400C81A6C /* String.swift */,
				99E9915E24123C4C00787E53 /* UIView.swift */,
				9907CBA324179A3200F69E96 /* AssetHelper.swift */,
			);
			path = Extensions;
			sourceTree = "<group>";
		};
		99985F98240E8113008137E7 /* Models */ = {
			isa = PBXGroup;
			children = (
				99985F99240E8122008137E7 /* Forecast.swift */,
				99D7F410240FF541008C5A04 /* NetworkResponse.swift */,
				993E5550242268DA002137EE /* Details.swift */,
			);
			path = Models;
			sourceTree = "<group>";
		};
		999C918B241FB8940045D470 /* ViewModel */ = {
			isa = PBXGroup;
			children = (
				999C9189241FB8900045D470 /* ForecastListViewModel.swift */,
				9996E8DE241F9B3A003B9CD8 /* ForecastCellViewModel.swift */,
			);
			path = ViewModel;
			sourceTree = "<group>";
		};
		99BF3F7E24191C1900668A00 /* AnimatedTransition */ = {
			isa = PBXGroup;
			children = (
				99BF3F7F24191C3300668A00 /* AnimatedTransition.swift */,
			);
			path = AnimatedTransition;
			sourceTree = "<group>";
		};
		99BF3F8124191C4500668A00 /* UserInterface */ = {
			isa = PBXGroup;
			children = (
				99527FCF240FA71A0054442B /* Details */,
				99985F85240D9FF4008137E7 /* Forecasts */,
				99985F8A240DA19D008137E7 /* Weather */,
			);
			path = UserInterface;
			sourceTree = "<group>";
		};
		99DCF5852420D02D00945DBC /* ViewModel */ = {
			isa = PBXGroup;
			children = (
				99DCF5862420D04800945DBC /* DetailsListViewModel.swift */,
				99DCF5882420D14A00945DBC /* DetailsCellViewModel.swift */,
			);
			path = ViewModel;
			sourceTree = "<group>";
		};
		99EF51B32410F2B200C81A6C /* Datasource */ = {
			isa = PBXGroup;
			children = (
				99EF51B72410F38D00C81A6C /* CoreData */,
				99EF51B62410F38300C81A6C /* Networking */,
				99EF51B42410F2C100C81A6C /* Datasource.swift */,
				99EF51BA2410F7A200C81A6C /* DatasourceManager.swift */,
			);
			path = Datasource;
			sourceTree = "<group>";
		};
		99EF51B62410F38300C81A6C /* Networking */ = {
			isa = PBXGroup;
			children = (
				99EF51B82410F3A700C81A6C /* NetworkDatasource.swift */,
				99EF51BE24110A9200C81A6C /* NetworkRouter.swift */,
				99EF51C22411261600C81A6C /* NetworkConstants.swift */,
				99EF51C624112CB600C81A6C /* URLParameterEncoder.swift */,
				99EF51C02411229000C81A6C /* EndPoint.swift */,
			);
			path = Networking;
			sourceTree = "<group>";
		};
		99EF51B72410F38D00C81A6C /* CoreData */ = {
			isa = PBXGroup;
			children = (
				99EF51BC2410FD2C00C81A6C /* CoreDataDatasource.swift */,
				99DF0798241658BE00DD97F9 /* ForecastCD.swift */,
				99DF079524164D7A00DD97F9 /* WeatherApp.xcdatamodeld */,
			);
			path = CoreData;
			sourceTree = "<group>";
		};
/* End PBXGroup section */

/* Begin PBXNativeTarget section */
		99985F68240D9B25008137E7 /* WeatherApp */ = {
			isa = PBXNativeTarget;
			buildConfigurationList = 99985F7D240D9B2B008137E7 /* Build configuration list for PBXNativeTarget "WeatherApp" */;
			buildPhases = (
				EE961EBCCF157C2900053D97 /* [CP] Check Pods Manifest.lock */,
				99985F65240D9B25008137E7 /* Sources */,
				99985F66240D9B25008137E7 /* Frameworks */,
				99985F67240D9B25008137E7 /* Resources */,
			);
			buildRules = (
			);
			dependencies = (
			);
			name = WeatherApp;
			productName = WeatherApp;
			productReference = 99985F69240D9B25008137E7 /* WeatherApp.app */;
			productType = "com.apple.product-type.application";
		};
/* End PBXNativeTarget section */

/* Begin PBXProject section */
		99985F61240D9B25008137E7 /* Project object */ = {
			isa = PBXProject;
			attributes = {
				LastSwiftUpdateCheck = 1130;
				LastUpgradeCheck = 1130;
				ORGANIZATIONNAME = "Karlo Butorac";
				TargetAttributes = {
					99985F68240D9B25008137E7 = {
						CreatedOnToolsVersion = 11.3.1;
					};
				};
			};
			buildConfigurationList = 99985F64240D9B25008137E7 /* Build configuration list for PBXProject "WeatherApp" */;
			compatibilityVersion = "Xcode 9.3";
			developmentRegion = en;
			hasScannedForEncodings = 0;
			knownRegions = (
				en,
				Base,
			);
			mainGroup = 99985F60240D9B25008137E7;
			productRefGroup = 99985F6A240D9B25008137E7 /* Products */;
			projectDirPath = "";
			projectRoot = "";
			targets = (
				99985F68240D9B25008137E7 /* WeatherApp */,
			);
		};
/* End PBXProject section */

/* Begin PBXResourcesBuildPhase section */
		99985F67240D9B25008137E7 /* Resources */ = {
			isa = PBXResourcesBuildPhase;
			buildActionMask = 2147483647;
			files = (
				99985F79240D9B2B008137E7 /* LaunchScreen.storyboard in Resources */,
				99985F76240D9B2B008137E7 /* Assets.xcassets in Resources */,
			);
			runOnlyForDeploymentPostprocessing = 0;
		};
/* End PBXResourcesBuildPhase section */

/* Begin PBXShellScriptBuildPhase section */
		EE961EBCCF157C2900053D97 /* [CP] Check Pods Manifest.lock */ = {
			isa = PBXShellScriptBuildPhase;
			buildActionMask = 2147483647;
			files = (
			);
			inputFileListPaths = (
			);
			inputPaths = (
				"${PODS_PODFILE_DIR_PATH}/Podfile.lock",
				"${PODS_ROOT}/Manifest.lock",
			);
			name = "[CP] Check Pods Manifest.lock";
			outputFileListPaths = (
			);
			outputPaths = (
				"$(DERIVED_FILE_DIR)/Pods-WeatherApp-checkManifestLockResult.txt",
			);
			runOnlyForDeploymentPostprocessing = 0;
			shellPath = /bin/sh;
			shellScript = "diff \"${PODS_PODFILE_DIR_PATH}/Podfile.lock\" \"${PODS_ROOT}/Manifest.lock\" > /dev/null\nif [ $? != 0 ] ; then\n    # print error to STDERR\n    echo \"error: The sandbox is not in sync with the Podfile.lock. Run 'pod install' or update your CocoaPods installation.\" >&2\n    exit 1\nfi\n# This output is used by Xcode 'outputs' to avoid re-running this script phase.\necho \"SUCCESS\" > \"${SCRIPT_OUTPUT_FILE_0}\"\n";
			showEnvVarsInLog = 0;
		};
/* End PBXShellScriptBuildPhase section */

/* Begin PBXSourcesBuildPhase section */
		99985F65240D9B25008137E7 /* Sources */ = {
			isa = PBXSourcesBuildPhase;
			buildActionMask = 2147483647;
			files = (
				99985F89240DA0CB008137E7 /* ForecastListControllerDelegate.swift in Sources */,
				99985F97240E5EDD008137E7 /* UIColor.swift in Sources */,
				99527FCE240FA6F40054442B /* DetailsCell.swift in Sources */,
				99EF51BF24110A9200C81A6C /* NetworkRouter.swift in Sources */,
				9907CBA424179A3200F69E96 /* AssetHelper.swift in Sources */,
				994020632422236300B873D8 /* ForecastListControllerCollectionView.swift in Sources */,
				99D7F411240FF541008C5A04 /* NetworkResponse.swift in Sources */,
				99985F84240D9E96008137E7 /* ForecastsCoordinator.swift in Sources */,
				993E5551242268DB002137EE /* Details.swift in Sources */,
				99EF51C724112CB600C81A6C /* URLParameterEncoder.swift in Sources */,
				99985F9A240E8122008137E7 /* Forecast.swift in Sources */,
				993E554F2422342C002137EE /* DetailsViewControllerCollectionView.swift in Sources */,
				99985F82240D9D2B008137E7 /* Coordinator.swift in Sources */,
				99985F6D240D9B25008137E7 /* AppDelegate.swift in Sources */,
				9996E8DF241F9B3A003B9CD8 /* ForecastCellViewModel.swift in Sources */,
				99985F90240DA6D4008137E7 /* WeatherCoordinator.swift in Sources */,
				99985F6F240D9B25008137E7 /* SceneDelegate.swift in Sources */,
				99985F8E240DA677008137E7 /* WeatherForecastControllerDelegate.swift in Sources */,
				99DCF5872420D04800945DBC /* DetailsListViewModel.swift in Sources */,
				99EF51C524112AB400C81A6C /* String.swift in Sources */,
				99985F92240E5969008137E7 /* ForecastCell.swift in Sources */,
				99985F95240E5D4A008137E7 /* CALayer.swift in Sources */,
				99DCF5892420D14A00945DBC /* DetailsCellViewModel.swift in Sources */,
				99EF51B92410F3A700C81A6C /* NetworkDatasource.swift in Sources */,
				99BF3F7D24191C0800668A00 /* ForecastListControllerAnimated.swift in Sources */,
				99EF51C32411261600C81A6C /* NetworkConstants.swift in Sources */,
				99DF079724164D7A00DD97F9 /* WeatherApp.xcdatamodeld in Sources */,
				99985F8C240DA656008137E7 /* WeatherForecastController.swift in Sources */,
				99EF51C12411229000C81A6C /* EndPoint.swift in Sources */,
				99EF51BD2410FD2C00C81A6C /* CoreDataDatasource.swift in Sources */,
				999C918A241FB8900045D470 /* ForecastListViewModel.swift in Sources */,
				99000936241FD7B800CC2327 /* WeatherForecastViewModel.swift in Sources */,
				99BF3F8024191C3300668A00 /* AnimatedTransition.swift in Sources */,
				99985F87240DA007008137E7 /* ForecastListController.swift in Sources */,
				99E9915F24123C4C00787E53 /* UIView.swift in Sources */,
				99985F9F240EB3CF008137E7 /* DetailsViewController.swift in Sources */,
				99EF51BB2410F7A200C81A6C /* DatasourceManager.swift in Sources */,
				99EF51B52410F2C100C81A6C /* Datasource.swift in Sources */,
				99DF0799241658BE00DD97F9 /* ForecastCD.swift in Sources */,
			);
			runOnlyForDeploymentPostprocessing = 0;
		};
/* End PBXSourcesBuildPhase section */

/* Begin PBXVariantGroup section */
		99985F77240D9B2B008137E7 /* LaunchScreen.storyboard */ = {
			isa = PBXVariantGroup;
			children = (
				99985F78240D9B2B008137E7 /* Base */,
			);
			name = LaunchScreen.storyboard;
			sourceTree = "<group>";
		};
/* End PBXVariantGroup section */

/* Begin XCBuildConfiguration section */
		99985F7B240D9B2B008137E7 /* Debug */ = {
			isa = XCBuildConfiguration;
			buildSettings = {
				ALWAYS_SEARCH_USER_PATHS = NO;
				CLANG_ANALYZER_NONNULL = YES;
				CLANG_ANALYZER_NUMBER_OBJECT_CONVERSION = YES_AGGRESSIVE;
				CLANG_CXX_LANGUAGE_STANDARD = "gnu++14";
				CLANG_CXX_LIBRARY = "libc++";
				CLANG_ENABLE_MODULES = YES;
				CLANG_ENABLE_OBJC_ARC = YES;
				CLANG_ENABLE_OBJC_WEAK = YES;
				CLANG_WARN_BLOCK_CAPTURE_AUTORELEASING = YES;
				CLANG_WARN_BOOL_CONVERSION = YES;
				CLANG_WARN_COMMA = YES;
				CLANG_WARN_CONSTANT_CONVERSION = YES;
				CLANG_WARN_DEPRECATED_OBJC_IMPLEMENTATIONS = YES;
				CLANG_WARN_DIRECT_OBJC_ISA_USAGE = YES_ERROR;
				CLANG_WARN_DOCUMENTATION_COMMENTS = YES;
				CLANG_WARN_EMPTY_BODY = YES;
				CLANG_WARN_ENUM_CONVERSION = YES;
				CLANG_WARN_INFINITE_RECURSION = YES;
				CLANG_WARN_INT_CONVERSION = YES;
				CLANG_WARN_NON_LITERAL_NULL_CONVERSION = YES;
				CLANG_WARN_OBJC_IMPLICIT_RETAIN_SELF = YES;
				CLANG_WARN_OBJC_LITERAL_CONVERSION = YES;
				CLANG_WARN_OBJC_ROOT_CLASS = YES_ERROR;
				CLANG_WARN_RANGE_LOOP_ANALYSIS = YES;
				CLANG_WARN_STRICT_PROTOTYPES = YES;
				CLANG_WARN_SUSPICIOUS_MOVE = YES;
				CLANG_WARN_UNGUARDED_AVAILABILITY = YES_AGGRESSIVE;
				CLANG_WARN_UNREACHABLE_CODE = YES;
				CLANG_WARN__DUPLICATE_METHOD_MATCH = YES;
				COPY_PHASE_STRIP = NO;
				DEBUG_INFORMATION_FORMAT = dwarf;
				ENABLE_STRICT_OBJC_MSGSEND = YES;
				ENABLE_TESTABILITY = YES;
				GCC_C_LANGUAGE_STANDARD = gnu11;
				GCC_DYNAMIC_NO_PIC = NO;
				GCC_NO_COMMON_BLOCKS = YES;
				GCC_OPTIMIZATION_LEVEL = 0;
				GCC_PREPROCESSOR_DEFINITIONS = (
					"DEBUG=1",
					"$(inherited)",
				);
				GCC_WARN_64_TO_32_BIT_CONVERSION = YES;
				GCC_WARN_ABOUT_RETURN_TYPE = YES_ERROR;
				GCC_WARN_UNDECLARED_SELECTOR = YES;
				GCC_WARN_UNINITIALIZED_AUTOS = YES_AGGRESSIVE;
				GCC_WARN_UNUSED_FUNCTION = YES;
				GCC_WARN_UNUSED_VARIABLE = YES;
				IPHONEOS_DEPLOYMENT_TARGET = 13.2;
				MTL_ENABLE_DEBUG_INFO = INCLUDE_SOURCE;
				MTL_FAST_MATH = YES;
				ONLY_ACTIVE_ARCH = YES;
				SDKROOT = iphoneos;
				SWIFT_ACTIVE_COMPILATION_CONDITIONS = DEBUG;
				SWIFT_OPTIMIZATION_LEVEL = "-Onone";
			};
			name = Debug;
		};
		99985F7C240D9B2B008137E7 /* Release */ = {
			isa = XCBuildConfiguration;
			buildSettings = {
				ALWAYS_SEARCH_USER_PATHS = NO;
				CLANG_ANALYZER_NONNULL = YES;
				CLANG_ANALYZER_NUMBER_OBJECT_CONVERSION = YES_AGGRESSIVE;
				CLANG_CXX_LANGUAGE_STANDARD = "gnu++14";
				CLANG_CXX_LIBRARY = "libc++";
				CLANG_ENABLE_MODULES = YES;
				CLANG_ENABLE_OBJC_ARC = YES;
				CLANG_ENABLE_OBJC_WEAK = YES;
				CLANG_WARN_BLOCK_CAPTURE_AUTORELEASING = YES;
				CLANG_WARN_BOOL_CONVERSION = YES;
				CLANG_WARN_COMMA = YES;
				CLANG_WARN_CONSTANT_CONVERSION = YES;
				CLANG_WARN_DEPRECATED_OBJC_IMPLEMENTATIONS = YES;
				CLANG_WARN_DIRECT_OBJC_ISA_USAGE = YES_ERROR;
				CLANG_WARN_DOCUMENTATION_COMMENTS = YES;
				CLANG_WARN_EMPTY_BODY = YES;
				CLANG_WARN_ENUM_CONVERSION = YES;
				CLANG_WARN_INFINITE_RECURSION = YES;
				CLANG_WARN_INT_CONVERSION = YES;
				CLANG_WARN_NON_LITERAL_NULL_CONVERSION = YES;
				CLANG_WARN_OBJC_IMPLICIT_RETAIN_SELF = YES;
				CLANG_WARN_OBJC_LITERAL_CONVERSION = YES;
				CLANG_WARN_OBJC_ROOT_CLASS = YES_ERROR;
				CLANG_WARN_RANGE_LOOP_ANALYSIS = YES;
				CLANG_WARN_STRICT_PROTOTYPES = YES;
				CLANG_WARN_SUSPICIOUS_MOVE = YES;
				CLANG_WARN_UNGUARDED_AVAILABILITY = YES_AGGRESSIVE;
				CLANG_WARN_UNREACHABLE_CODE = YES;
				CLANG_WARN__DUPLICATE_METHOD_MATCH = YES;
				COPY_PHASE_STRIP = NO;
				DEBUG_INFORMATION_FORMAT = "dwarf-with-dsym";
				ENABLE_NS_ASSERTIONS = NO;
				ENABLE_STRICT_OBJC_MSGSEND = YES;
				GCC_C_LANGUAGE_STANDARD = gnu11;
				GCC_NO_COMMON_BLOCKS = YES;
				GCC_WARN_64_TO_32_BIT_CONVERSION = YES;
				GCC_WARN_ABOUT_RETURN_TYPE = YES_ERROR;
				GCC_WARN_UNDECLARED_SELECTOR = YES;
				GCC_WARN_UNINITIALIZED_AUTOS = YES_AGGRESSIVE;
				GCC_WARN_UNUSED_FUNCTION = YES;
				GCC_WARN_UNUSED_VARIABLE = YES;
				IPHONEOS_DEPLOYMENT_TARGET = 13.2;
				MTL_ENABLE_DEBUG_INFO = NO;
				MTL_FAST_MATH = YES;
				SDKROOT = iphoneos;
				SWIFT_COMPILATION_MODE = wholemodule;
				SWIFT_OPTIMIZATION_LEVEL = "-O";
				VALIDATE_PRODUCT = YES;
			};
			name = Release;
		};
		99985F7E240D9B2B008137E7 /* Debug */ = {
			isa = XCBuildConfiguration;
			baseConfigurationReference = 9939F8FA0F077D05574911FE /* Pods-WeatherApp.debug.xcconfig */;
			buildSettings = {
				ASSETCATALOG_COMPILER_APPICON_NAME = AppIcon;
				CODE_SIGN_IDENTITY = "Apple Development";
				CODE_SIGN_STYLE = Automatic;
				DEVELOPMENT_TEAM = PSHPT5ATHQ;
				INFOPLIST_FILE = WeatherApp/Info.plist;
				LD_RUNPATH_SEARCH_PATHS = (
					"$(inherited)",
					"@executable_path/Frameworks",
				);
				PRODUCT_BUNDLE_IDENTIFIER = karlo.butorac.WeatherApp;
				PRODUCT_NAME = "$(TARGET_NAME)";
				PROVISIONING_PROFILE_SPECIFIER = "";
				SWIFT_VERSION = 5.0;
				TARGETED_DEVICE_FAMILY = 1;
			};
			name = Debug;
		};
		99985F7F240D9B2B008137E7 /* Release */ = {
			isa = XCBuildConfiguration;
			baseConfigurationReference = E4F174D14F19FE477A01872B /* Pods-WeatherApp.release.xcconfig */;
			buildSettings = {
				ASSETCATALOG_COMPILER_APPICON_NAME = AppIcon;
				CODE_SIGN_IDENTITY = "Apple Development";
				CODE_SIGN_STYLE = Manual;
				DEVELOPMENT_TEAM = "";
				INFOPLIST_FILE = WeatherApp/Info.plist;
				LD_RUNPATH_SEARCH_PATHS = (
					"$(inherited)",
					"@executable_path/Frameworks",
				);
				PRODUCT_BUNDLE_IDENTIFIER = karlo.butorac.WeatherApp;
				PRODUCT_NAME = "$(TARGET_NAME)";
				PROVISIONING_PROFILE_SPECIFIER = "";
				SWIFT_VERSION = 5.0;
				TARGETED_DEVICE_FAMILY = 1;
			};
			name = Release;
		};
/* End XCBuildConfiguration section */

/* Begin XCConfigurationList section */
		99985F64240D9B25008137E7 /* Build configuration list for PBXProject "WeatherApp" */ = {
			isa = XCConfigurationList;
			buildConfigurations = (
				99985F7B240D9B2B008137E7 /* Debug */,
				99985F7C240D9B2B008137E7 /* Release */,
			);
			defaultConfigurationIsVisible = 0;
			defaultConfigurationName = Release;
		};
		99985F7D240D9B2B008137E7 /* Build configuration list for PBXNativeTarget "WeatherApp" */ = {
			isa = XCConfigurationList;
			buildConfigurations = (
				99985F7E240D9B2B008137E7 /* Debug */,
				99985F7F240D9B2B008137E7 /* Release */,
			);
			defaultConfigurationIsVisible = 0;
			defaultConfigurationName = Release;
		};
/* End XCConfigurationList section */

/* Begin XCVersionGroup section */
		99DF079524164D7A00DD97F9 /* WeatherApp.xcdatamodeld */ = {
			isa = XCVersionGroup;
			children = (
				99DF079624164D7A00DD97F9 /* WeatherApp.xcdatamodel */,
			);
			currentVersion = 99DF079624164D7A00DD97F9 /* WeatherApp.xcdatamodel */;
			path = WeatherApp.xcdatamodeld;
			sourceTree = "<group>";
			versionGroupType = wrapper.xcdatamodel;
		};
/* End XCVersionGroup section */
	};
	rootObject = 99985F61240D9B25008137E7 /* Project object */;
}
